7f8526f12f5a24ec1345c3c9a5722cbef69aabeb156e36b8aed9717a66c7319d  REVIEW.md
787317b6208d2d836e3e71bc8b4a2c3b0cc5522ba1c892d18ff209f1be1e99af  bands.yaml
e490fdef142eeb9c906bf472603638c45509dba2c8043f8280c3130504af9dcc  .claude/settings.json
6fed72e5db18bdad5f1c96b76944537dbcf2ca5ea5907c658d86619623c3792c  .claude/hooks/production-gate.sh
892c8378be21442ad34a542f2d4c6e7932914f47d5a77e914942784af357aa7b  .claude/skills/secure-api-review/SKILL.md
4f3995569e0c00aa447568e373b32e371041f57c9dec68dbdbf852b51b390d92  .claude/agents/verifier.md
6b7c9f8b32d702e3c6ca0175c9f3872744674ff34b9a0dcb4dc8d95fdbbfc18a  .github/workflows/agent-evals.yml
cf4dcabf0f4cd8c60bc192c43bf84521a6bb30f1b06fad8550b4e9420b2426cd  examples/article/intent.md
3cbe8054fe3a1b0f233069c7e10aa653931229d903dd47f98cbd29ecfd258ee0  examples/article/plan.md
cc5ffe3ed56136d7c23ed81a4e856ea2f80b5644d5b31183c9f55327a0aa82cf  examples/article/CLAUDE.md
ed51d19d5b04cb05cfbe4867e48fecab7cd483e06e1be02b913aa037b8159819  examples/article/managed-settings.json
763fd03f6d9ae7c518a0e749b74980b3ba571454d3de5fe02491266715d25329  examples/article/triage-step.yml
